// !$*UTF8*$!
{
	archiveVersion = 1;
	classes = {
	};
	objectVersion = 48;
	objects = {

/* Begin PBXBuildFile section */
		41BAEA34CD51D28DCD5B10CE /* Pods_Todo.framework in Frameworks */ = {isa = PBXBuildFile; fileRef = E698C418353A3DBF7030E6E9 /* Pods_Todo.framework */; };
		DA4364891F8BCC7F0050132C /* AppDelegate.swift in Sources */ = {isa = PBXBuildFile; fileRef = DA4364881F8BCC7F0050132C /* AppDelegate.swift */; };
		DA43648B1F8BCC7F0050132C /* LoginViewController.swift in Sources */ = {isa = PBXBuildFile; fileRef = DA43648A1F8BCC7F0050132C /* LoginViewController.swift */; };
		DA43648E1F8BCC7F0050132C /* Main.storyboard in Resources */ = {isa = PBXBuildFile; fileRef = DA43648C1F8BCC7F0050132C /* Main.storyboard */; };
		DA4364901F8BCC7F0050132C /* Assets.xcassets in Resources */ = {isa = PBXBuildFile; fileRef = DA43648F1F8BCC7F0050132C /* Assets.xcassets */; };
		DA4364931F8BCC7F0050132C /* LaunchScreen.storyboard in Resources */ = {isa = PBXBuildFile; fileRef = DA4364911F8BCC7F0050132C /* LaunchScreen.storyboard */; };
		DA4364A81F8BDC800050132C /* Api.swift in Sources */ = {isa = PBXBuildFile; fileRef = DA4364A71F8BDC7F0050132C /* Api.swift */; };
		DAADA3351F8D13DD007D0E7C /* tasks.pb.swift in Sources */ = {isa = PBXBuildFile; fileRef = DAADA3321F8D13DD007D0E7C /* tasks.pb.swift */; };
		DAADA3361F8D13DD007D0E7C /* data.pb.swift in Sources */ = {isa = PBXBuildFile; fileRef = DAADA3331F8D13DD007D0E7C /* data.pb.swift */; };
		DAADA3371F8D13DD007D0E7C /* user.pb.swift in Sources */ = {isa = PBXBuildFile; fileRef = DAADA3341F8D13DD007D0E7C /* user.pb.swift */; };
		DAADA3391F8DCC55007D0E7C /* TasksViewController.swift in Sources */ = {isa = PBXBuildFile; fileRef = DAADA3381F8DCC54007D0E7C /* TasksViewController.swift */; };
		DAADA33C1F8DD1B8007D0E7C /* TaskCell.swift in Sources */ = {isa = PBXBuildFile; fileRef = DAADA33B1F8DD1B8007D0E7C /* TaskCell.swift */; };
/* End PBXBuildFile section */

/* Begin PBXFileReference section */
		90E62399B32364CA4410AC3E /* Pods-Todo.release.xcconfig */ = {isa = PBXFileReference; includeInIndex = 1; lastKnownFileType = text.xcconfig; name = "Pods-Todo.release.xcconfig"; path = "Pods/Target Support Files/Pods-Todo/Pods-Todo.release.xcconfig"; sourceTree = "<group>"; };
		A6AEB147DDB46AEE8963597A /* Pods-Todo.debug.xcconfig */ = {isa = PBXFileReference; includeInIndex = 1; lastKnownFileType = text.xcconfig; name = "Pods-Todo.debug.xcconfig"; path = "Pods/Target Support Files/Pods-Todo/Pods-Todo.debug.xcconfig"; sourceTree = "<group>"; };
		DA4364851F8BCC7F0050132C /* Todo.app */ = {isa = PBXFileReference; explicitFileType = wrapper.application; includeInIndex = 0; path = Todo.app; sourceTree = BUILT_PRODUCTS_DIR; };
		DA4364881F8BCC7F0050132C /* AppDelegate.swift */ = {isa = PBXFileReference; lastKnownFileType = sourcecode.swift; path = AppDelegate.swift; sourceTree = "<group>"; };
		DA43648A1F8BCC7F0050132C /* LoginViewController.swift */ = {isa = PBXFileReference; lastKnownFileType = sourcecode.swift; path = LoginViewController.swift; sourceTree = "<group>"; };
		DA43648D1F8BCC7F0050132C /* Base */ = {isa = PBXFileReference; lastKnownFileType = file.storyboard; name = Base; path = Base.lproj/Main.storyboard; sourceTree = "<group>"; };
		DA43648F1F8BCC7F0050132C /* Assets.xcassets */ = {isa = PBXFileReference; lastKnownFileType = folder.assetcatalog; path = Assets.xcassets; sourceTree = "<group>"; };
		DA4364921F8BCC7F0050132C /* Base */ = {isa = PBXFileReference; lastKnownFileType = file.storyboard; name = Base; path = Base.lproj/LaunchScreen.storyboard; sourceTree = "<group>"; };
		DA4364941F8BCC7F0050132C /* Info.plist */ = {isa = PBXFileReference; lastKnownFileType = text.plist.xml; path = Info.plist; sourceTree = "<group>"; };
		DA4364A71F8BDC7F0050132C /* Api.swift */ = {isa = PBXFileReference; fileEncoding = 4; lastKnownFileType = sourcecode.swift; path = Api.swift; sourceTree = "<group>"; };
		DAADA3311F8CF5DA007D0E7C /* SwiftProtobuf.framework */ = {isa = PBXFileReference; explicitFileType = wrapper.framework; path = SwiftProtobuf.framework; sourceTree = BUILT_PRODUCTS_DIR; };
		DAADA3321F8D13DD007D0E7C /* tasks.pb.swift */ = {isa = PBXFileReference; fileEncoding = 4; lastKnownFileType = sourcecode.swift; path = tasks.pb.swift; sourceTree = "<group>"; };
		DAADA3331F8D13DD007D0E7C /* data.pb.swift */ = {isa = PBXFileReference; fileEncoding = 4; lastKnownFileType = sourcecode.swift; path = data.pb.swift; sourceTree = "<group>"; };
		DAADA3341F8D13DD007D0E7C /* user.pb.swift */ = {isa = PBXFileReference; fileEncoding = 4; lastKnownFileType = sourcecode.swift; path = user.pb.swift; sourceTree = "<group>"; };
		DAADA3381F8DCC54007D0E7C /* TasksViewController.swift */ = {isa = PBXFileReference; lastKnownFileType = sourcecode.swift; path = TasksViewController.swift; sourceTree = "<group>"; };
		DAADA33B1F8DD1B8007D0E7C /* TaskCell.swift */ = {isa = PBXFileReference; lastKnownFileType = sourcecode.swift; path = TaskCell.swift; sourceTree = "<group>"; };
		E698C418353A3DBF7030E6E9 /* Pods_Todo.framework */ = {isa = PBXFileReference; explicitFileType = wrapper.framework; includeInIndex = 0; path = Pods_Todo.framework; sourceTree = BUILT_PRODUCTS_DIR; };
/* End PBXFileReference section */

/* Begin PBXFrameworksBuildPhase section */
		DA4364821F8BCC7F0050132C /* Frameworks */ = {
			isa = PBXFrameworksBuildPhase;
			buildActionMask = 2147483647;
			files = (
				41BAEA34CD51D28DCD5B10CE /* Pods_Todo.framework in Frameworks */,
			);
			runOnlyForDeploymentPostprocessing = 0;
		};
/* End PBXFrameworksBuildPhase section */

/* Begin PBXGroup section */
		A8CF95E9469B01FF731703DF /* Pods */ = {
			isa = PBXGroup;
			children = (
				A6AEB147DDB46AEE8963597A /* Pods-Todo.debug.xcconfig */,
				90E62399B32364CA4410AC3E /* Pods-Todo.release.xcconfig */,
			);
			name = Pods;
			sourceTree = "<group>";
		};
		AFB4202829B2454E1FE92C28 /* Frameworks */ = {
			isa = PBXGroup;
			children = (
				DAADA3311F8CF5DA007D0E7C /* SwiftProtobuf.framework */,
				E698C418353A3DBF7030E6E9 /* Pods_Todo.framework */,
			);
			name = Frameworks;
			sourceTree = "<group>";
		};
		DA43647C1F8BCC7F0050132C = {
			isa = PBXGroup;
			children = (
				DA4364871F8BCC7F0050132C /* Todo */,
				DA4364861F8BCC7F0050132C /* Products */,
				A8CF95E9469B01FF731703DF /* Pods */,
				AFB4202829B2454E1FE92C28 /* Frameworks */,
			);
			sourceTree = "<group>";
		};
		DA4364861F8BCC7F0050132C /* Products */ = {
			isa = PBXGroup;
			children = (
				DA4364851F8BCC7F0050132C /* Todo.app */,
			);
			name = Products;
			sourceTree = "<group>";
		};
		DA4364871F8BCC7F0050132C /* Todo */ = {
			isa = PBXGroup;
			children = (
				DAADA33A1F8DD1A5007D0E7C /* View */,
				DA4E9DC91F8CCC970069F658 /* ProtoData */,
				DA43649A1F8BCCC30050132C /* NetworkLayer */,
				DA4364881F8BCC7F0050132C /* AppDelegate.swift */,
				DA43648A1F8BCC7F0050132C /* LoginViewController.swift */,
				DA43648C1F8BCC7F0050132C /* Main.storyboard */,
				DA43648F1F8BCC7F0050132C /* Assets.xcassets */,
				DA4364911F8BCC7F0050132C /* LaunchScreen.storyboard */,
				DA4364941F8BCC7F0050132C /* Info.plist */,
				DAADA3381F8DCC54007D0E7C /* TasksViewController.swift */,
			);
			path = Todo;
			sourceTree = "<group>";
		};
		DA43649A1F8BCCC30050132C /* NetworkLayer */ = {
			isa = PBXGroup;
			children = (
				DA4364A71F8BDC7F0050132C /* Api.swift */,
			);
			path = NetworkLayer;
			sourceTree = "<group>";
		};
		DA4E9DC91F8CCC970069F658 /* ProtoData */ = {
			isa = PBXGroup;
			children = (
				DAADA3331F8D13DD007D0E7C /* data.pb.swift */,
				DAADA3321F8D13DD007D0E7C /* tasks.pb.swift */,
				DAADA3341F8D13DD007D0E7C /* user.pb.swift */,
			);
			path = ProtoData;
			sourceTree = "<group>";
		};
		DAADA33A1F8DD1A5007D0E7C /* View */ = {
			isa = PBXGroup;
			children = (
				DAADA33B1F8DD1B8007D0E7C /* TaskCell.swift */,
			);
			path = View;
			sourceTree = "<group>";
		};
/* End PBXGroup section */

/* Begin PBXNativeTarget section */
		DA4364841F8BCC7F0050132C /* Todo */ = {
			isa = PBXNativeTarget;
			buildConfigurationList = DA4364971F8BCC7F0050132C /* Build configuration list for PBXNativeTarget "Todo" */;
			buildPhases = (
				CFDE99FFDB2ED60A19461C4C /* [CP] Check Pods Manifest.lock */,
				DA4364811F8BCC7F0050132C /* Sources */,
				DA4364821F8BCC7F0050132C /* Frameworks */,
				DA4364831F8BCC7F0050132C /* Resources */,
				FBA880667074FC9EA2A8D48B /* [CP] Embed Pods Frameworks */,
				6293A918FACB0AA020BF34FE /* [CP] Copy Pods Resources */,
			);
			buildRules = (
			);
			dependencies = (
			);
			name = Todo;
			productName = Todo;
			productReference = DA4364851F8BCC7F0050132C /* Todo.app */;
			productType = "com.apple.product-type.application";
		};
/* End PBXNativeTarget section */

/* Begin PBXProject section */
		DA43647D1F8BCC7F0050132C /* Project object */ = {
			isa = PBXProject;
			attributes = {
				LastSwiftUpdateCheck = 0900;
				LastUpgradeCheck = 0900;
				ORGANIZATIONNAME = "Khoi Nguyen";
				TargetAttributes = {
					DA4364841F8BCC7F0050132C = {
						CreatedOnToolsVersion = 9.0;
						ProvisioningStyle = Automatic;
					};
				};
			};
			buildConfigurationList = DA4364801F8BCC7F0050132C /* Build configuration list for PBXProject "Todo" */;
			compatibilityVersion = "Xcode 8.0";
			developmentRegion = en;
			hasScannedForEncodings = 0;
			knownRegions = (
				en,
				Base,
			);
			mainGroup = DA43647C1F8BCC7F0050132C;
			productRefGroup = DA4364861F8BCC7F0050132C /* Products */;
			projectDirPath = "";
			projectRoot = "";
			targets = (
				DA4364841F8BCC7F0050132C /* Todo */,
			);
		};
/* End PBXProject section */

/* Begin PBXResourcesBuildPhase section */
		DA4364831F8BCC7F0050132C /* Resources */ = {
			isa = PBXResourcesBuildPhase;
			buildActionMask = 2147483647;
			files = (
				DA4364931F8BCC7F0050132C /* LaunchScreen.storyboard in Resources */,
				DA4364901F8BCC7F0050132C /* Assets.xcassets in Resources */,
				DA43648E1F8BCC7F0050132C /* Main.storyboard in Resources */,
			);
			runOnlyForDeploymentPostprocessing = 0;
		};
/* End PBXResourcesBuildPhase section */

/* Begin PBXShellScriptBuildPhase section */
		6293A918FACB0AA020BF34FE /* [CP] Copy Pods Resources */ = {
			isa = PBXShellScriptBuildPhase;
			buildActionMask = 2147483647;
			files = (
			);
			inputPaths = (
			);
			name = "[CP] Copy Pods Resources";
			outputPaths = (
			);
			runOnlyForDeploymentPostprocessing = 0;
			shellPath = /bin/sh;
			shellScript = "\"${SRCROOT}/Pods/Target Support Files/Pods-Todo/Pods-Todo-resources.sh\"\n";
			showEnvVarsInLog = 0;
		};
		CFDE99FFDB2ED60A19461C4C /* [CP] Check Pods Manifest.lock */ = {
			isa = PBXShellScriptBuildPhase;
			buildActionMask = 2147483647;
			files = (
			);
			inputPaths = (
				"${PODS_PODFILE_DIR_PATH}/Podfile.lock",
				"${PODS_ROOT}/Manifest.lock",
			);
			name = "[CP] Check Pods Manifest.lock";
			outputPaths = (
				"$(DERIVED_FILE_DIR)/Pods-Todo-checkManifestLockResult.txt",
			);
			runOnlyForDeploymentPostprocessing = 0;
			shellPath = /bin/sh;
			shellScript = "diff \"${PODS_PODFILE_DIR_PATH}/Podfile.lock\" \"${PODS_ROOT}/Manifest.lock\" > /dev/null\nif [ $? != 0 ] ; then\n    # print error to STDERR\n    echo \"error: The sandbox is not in sync with the Podfile.lock. Run 'pod install' or update your CocoaPods installation.\" >&2\n    exit 1\nfi\n# This output is used by Xcode 'outputs' to avoid re-running this script phase.\necho \"SUCCESS\" > \"${SCRIPT_OUTPUT_FILE_0}\"\n";
			showEnvVarsInLog = 0;
		};
		FBA880667074FC9EA2A8D48B /* [CP] Embed Pods Frameworks */ = {
			isa = PBXShellScriptBuildPhase;
			buildActionMask = 2147483647;
			files = (
			);
			inputPaths = (
				"${SRCROOT}/Pods/Target Support Files/Pods-Todo/Pods-Todo-frameworks.sh",
				"${BUILT_PRODUCTS_DIR}/Alamofire/Alamofire.framework",
				"${BUILT_PRODUCTS_DIR}/SwiftProtobuf/SwiftProtobuf.framework",
			);
			name = "[CP] Embed Pods Frameworks";
			outputPaths = (
				"${TARGET_BUILD_DIR}/${FRAMEWORKS_FOLDER_PATH}/Alamofire.framework",
				"${TARGET_BUILD_DIR}/${FRAMEWORKS_FOLDER_PATH}/SwiftProtobuf.framework",
			);
			runOnlyForDeploymentPostprocessing = 0;
			shellPath = /bin/sh;
			shellScript = "\"${SRCROOT}/Pods/Target Support Files/Pods-Todo/Pods-Todo-frameworks.sh\"\n";
			showEnvVarsInLog = 0;
		};
/* End PBXShellScriptBuildPhase section */

/* Begin PBXSourcesBuildPhase section */
		DA4364811F8BCC7F0050132C /* Sources */ = {
			isa = PBXSourcesBuildPhase;
			buildActionMask = 2147483647;
			files = (
				DA4364A81F8BDC800050132C /* Api.swift in Sources */,
				DAADA3361F8D13DD007D0E7C /* data.pb.swift in Sources */,
				DA43648B1F8BCC7F0050132C /* LoginViewController.swift in Sources */,
				DAADA3391F8DCC55007D0E7C /* TasksViewController.swift in Sources */,
				DAADA33C1F8DD1B8007D0E7C /* TaskCell.swift in Sources */,
				DAADA3371F8D13DD007D0E7C /* user.pb.swift in Sources */,
				DA4364891F8BCC7F0050132C /* AppDelegate.swift in Sources */,
				DAADA3351F8D13DD007D0E7C /* tasks.pb.swift in Sources */,
			);
			runOnlyForDeploymentPostprocessing = 0;
		};
/* End PBXSourcesBuildPhase section */

/* Begin PBXVariantGroup section */
		DA43648C1F8BCC7F0050132C /* Main.storyboard */ = {
			isa = PBXVariantGroup;
			children = (
				DA43648D1F8BCC7F0050132C /* Base */,
			);
			name = Main.storyboard;
			sourceTree = "<group>";
		};
		DA4364911F8BCC7F0050132C /* LaunchScreen.storyboard */ = {
			isa = PBXVariantGroup;
			children = (
				DA4364921F8BCC7F0050132C /* Base */,
			);
			name = LaunchScreen.storyboard;
			sourceTree = "<group>";
		};
/* End PBXVariantGroup section */

/* Begin XCBuildConfiguration section */
		DA4364951F8BCC7F0050132C /* Debug */ = {
			isa = XCBuildConfiguration;
			buildSettings = {
				ALWAYS_SEARCH_USER_PATHS = NO;
				CLANG_ANALYZER_NONNULL = YES;
				CLANG_ANALYZER_NUMBER_OBJECT_CONVERSION = YES_AGGRESSIVE;
				CLANG_CXX_LANGUAGE_STANDARD = "gnu++14";
				CLANG_CXX_LIBRARY = "libc++";
				CLANG_ENABLE_MODULES = YES;
				CLANG_ENABLE_OBJC_ARC = YES;
				CLANG_WARN_BLOCK_CAPTURE_AUTORELEASING = YES;
				CLANG_WARN_BOOL_CONVERSION = YES;
				CLANG_WARN_COMMA = YES;
				CLANG_WARN_CONSTANT_CONVERSION = YES;
				CLANG_WARN_DIRECT_OBJC_ISA_USAGE = YES_ERROR;
				CLANG_WARN_DOCUMENTATION_COMMENTS = YES;
				CLANG_WARN_EMPTY_BODY = YES;
				CLANG_WARN_ENUM_CONVERSION = YES;
				CLANG_WARN_INFINITE_RECURSION = YES;
				CLANG_WARN_INT_CONVERSION = YES;
				CLANG_WARN_NON_LITERAL_NULL_CONVERSION = YES;
				CLANG_WARN_OBJC_LITERAL_CONVERSION = YES;
				CLANG_WARN_OBJC_ROOT_CLASS = YES_ERROR;
				CLANG_WARN_RANGE_LOOP_ANALYSIS = YES;
				CLANG_WARN_STRICT_PROTOTYPES = YES;
				CLANG_WARN_SUSPICIOUS_MOVE = YES;
				CLANG_WARN_UNGUARDED_AVAILABILITY = YES_AGGRESSIVE;
				CLANG_WARN_UNREACHABLE_CODE = YES;
				CLANG_WARN__DUPLICATE_METHOD_MATCH = YES;
				CODE_SIGN_IDENTITY = "iPhone Developer";
				COPY_PHASE_STRIP = NO;
				DEBUG_INFORMATION_FORMAT = dwarf;
				ENABLE_STRICT_OBJC_MSGSEND = YES;
				ENABLE_TESTABILITY = YES;
				GCC_C_LANGUAGE_STANDARD = gnu11;
				GCC_DYNAMIC_NO_PIC = NO;
				GCC_NO_COMMON_BLOCKS = YES;
				GCC_OPTIMIZATION_LEVEL = 0;
				GCC_PREPROCESSOR_DEFINITIONS = (
					"DEBUG=1",
					"$(inherited)",
				);
				GCC_WARN_64_TO_32_BIT_CONVERSION = YES;
				GCC_WARN_ABOUT_RETURN_TYPE = YES_ERROR;
				GCC_WARN_UNDECLARED_SELECTOR = YES;
				GCC_WARN_UNINITIALIZED_AUTOS = YES_AGGRESSIVE;
				GCC_WARN_UNUSED_FUNCTION = YES;
				GCC_WARN_UNUSED_VARIABLE = YES;
				IPHONEOS_DEPLOYMENT_TARGET = 11.0;
				MTL_ENABLE_DEBUG_INFO = YES;
				ONLY_ACTIVE_ARCH = YES;
				SDKROOT = iphoneos;
				SWIFT_ACTIVE_COMPILATION_CONDITIONS = DEBUG;
				SWIFT_OPTIMIZATION_LEVEL = "-Onone";
			};
			name = Debug;
		};
		DA4364961F8BCC7F0050132C /* Release */ = {
			isa = XCBuildConfiguration;
			buildSettings = {
				ALWAYS_SEARCH_USER_PATHS = NO;
				CLANG_ANALYZER_NONNULL = YES;
				CLANG_ANALYZER_NUMBER_OBJECT_CONVERSION = YES_AGGRESSIVE;
				CLANG_CXX_LANGUAGE_STANDARD = "gnu++14";
				CLANG_CXX_LIBRARY = "libc++";
				CLANG_ENABLE_MODULES = YES;
				CLANG_ENABLE_OBJC_ARC = YES;
				CLANG_WARN_BLOCK_CAPTURE_AUTORELEASING = YES;
				CLANG_WARN_BOOL_CONVERSION = YES;
				CLANG_WARN_COMMA = YES;
				CLANG_WARN_CONSTANT_CONVERSION = YES;
				CLANG_WARN_DIRECT_OBJC_ISA_USAGE = YES_ERROR;
				CLANG_WARN_DOCUMENTATION_COMMENTS = YES;
				CLANG_WARN_EMPTY_BODY = YES;
				CLANG_WARN_ENUM_CONVERSION = YES;
				CLANG_WARN_INFINITE_RECURSION = YES;
				CLANG_WARN_INT_CONVERSION = YES;
				CLANG_WARN_NON_LITERAL_NULL_CONVERSION = YES;
				CLANG_WARN_OBJC_LITERAL_CONVERSION = YES;
				CLANG_WARN_OBJC_ROOT_CLASS = YES_ERROR;
				CLANG_WARN_RANGE_LOOP_ANALYSIS = YES;
				CLANG_WARN_STRICT_PROTOTYPES = YES;
				CLANG_WARN_SUSPICIOUS_MOVE = YES;
				CLANG_WARN_UNGUARDED_AVAILABILITY = YES_AGGRESSIVE;
				CLANG_WARN_UNREACHABLE_CODE = YES;
				CLANG_WARN__DUPLICATE_METHOD_MATCH = YES;
				CODE_SIGN_IDENTITY = "iPhone Developer";
				COPY_PHASE_STRIP = NO;
				DEBUG_INFORMATION_FORMAT = "dwarf-with-dsym";
				ENABLE_NS_ASSERTIONS = NO;
				ENABLE_STRICT_OBJC_MSGSEND = YES;
				GCC_C_LANGUAGE_STANDARD = gnu11;
				GCC_NO_COMMON_BLOCKS = YES;
				GCC_WARN_64_TO_32_BIT_CONVERSION = YES;
				GCC_WARN_ABOUT_RETURN_TYPE = YES_ERROR;
				GCC_WARN_UNDECLARED_SELECTOR = YES;
				GCC_WARN_UNINITIALIZED_AUTOS = YES_AGGRESSIVE;
				GCC_WARN_UNUSED_FUNCTION = YES;
				GCC_WARN_UNUSED_VARIABLE = YES;
				IPHONEOS_DEPLOYMENT_TARGET = 11.0;
				MTL_ENABLE_DEBUG_INFO = NO;
				SDKROOT = iphoneos;
				SWIFT_OPTIMIZATION_LEVEL = "-Owholemodule";
				VALIDATE_PRODUCT = YES;
			};
			name = Release;
		};
		DA4364981F8BCC7F0050132C /* Debug */ = {
			isa = XCBuildConfiguration;
			baseConfigurationReference = A6AEB147DDB46AEE8963597A /* Pods-Todo.debug.xcconfig */;
			buildSettings = {
				ASSETCATALOG_COMPILER_APPICON_NAME = AppIcon;
				CODE_SIGN_STYLE = Automatic;
				DEVELOPMENT_TEAM = 87E55Q9ME9;
				INFOPLIST_FILE = Todo/Info.plist;
				IPHONEOS_DEPLOYMENT_TARGET = 9.3;
				LD_RUNPATH_SEARCH_PATHS = "$(inherited) @executable_path/Frameworks";
				PRODUCT_BUNDLE_IDENTIFIER = com.ntkhoi.rxfeedback.Todo;
				PRODUCT_NAME = "$(TARGET_NAME)";
				SWIFT_VERSION = 3.0;
				TARGETED_DEVICE_FAMILY = "1,2";
			};
			name = Debug;
		};
		DA4364991F8BCC7F0050132C /* Release */ = {
			isa = XCBuildConfiguration;
			baseConfigurationReference = 90E62399B32364CA4410AC3E /* Pods-Todo.release.xcconfig */;
			buildSettings = {
				ASSETCATALOG_COMPILER_APPICON_NAME = AppIcon;
				CODE_SIGN_STYLE = Automatic;
				DEVELOPMENT_TEAM = 87E55Q9ME9;
				INFOPLIST_FILE = Todo/Info.plist;
				IPHONEOS_DEPLOYMENT_TARGET = 9.3;
				LD_RUNPATH_SEARCH_PATHS = "$(inherited) @executable_path/Frameworks";
				PRODUCT_BUNDLE_IDENTIFIER = com.ntkhoi.rxfeedback.Todo;
				PRODUCT_NAME = "$(TARGET_NAME)";
				SWIFT_VERSION = 3.0;
				TARGETED_DEVICE_FAMILY = "1,2";
			};
			name = Release;
		};
/* End XCBuildConfiguration section */

/* Begin XCConfigurationList section */
		DA4364801F8BCC7F0050132C /* Build configuration list for PBXProject "Todo" */ = {
			isa = XCConfigurationList;
			buildConfigurations = (
				DA4364951F8BCC7F0050132C /* Debug */,
				DA4364961F8BCC7F0050132C /* Release */,
			);
			defaultConfigurationIsVisible = 0;
			defaultConfigurationName = Release;
		};
		DA4364971F8BCC7F0050132C /* Build configuration list for PBXNativeTarget "Todo" */ = {
			isa = XCConfigurationList;
			buildConfigurations = (
				DA4364981F8BCC7F0050132C /* Debug */,
				DA4364991F8BCC7F0050132C /* Release */,
			);
			defaultConfigurationIsVisible = 0;
			defaultConfigurationName = Release;
		};
/* End XCConfigurationList section */
	};
	rootObject = DA43647D1F8BCC7F0050132C /* Project object */;
}
